
Microsoft Visual Studio Solution File, Format Version 12.00
# Visual Studio Version 17
VisualStudioVersion = 17.3.32901.215
MinimumVisualStudioVersion = 10.0.40219.1
Project("{FAE04EC0-301F-11D3-BF4B-00C04F79EFBC}") = "queu ornek-847", "queu ornek-847\queu ornek-847.csproj", "{BCED0279-8216-46C3-91B6-A49F263BA939}"
EndProject
Global
	GlobalSection(SolutionConfigurationPlatforms) = preSolution
		Debug|Any CPU = Debug|Any CPU
		Release|Any CPU = Release|Any CPU
	EndGlobalSection
	GlobalSection(ProjectConfigurationPlatforms) = postSolution
		{BCED0279-8216-46C3-91B6-A49F263BA939}.Debug|Any CPU.ActiveCfg = Debug|Any CPU
		{BCED0279-8216-46C3-91B6-A49F263BA939}.Debug|Any CPU.Build.0 = Debug|Any CPU
		{BCED0279-8216-46C3-91B6-A49F263BA939}.Release|Any CPU.ActiveCfg = Release|Any CPU
		{BCED0279-8216-46C3-91B6-A49F263BA939}.Release|Any CPU.Build.0 = Release|Any CPU
	EndGlobalSection
	GlobalSection(SolutionProperties) = preSolution
		HideSolutionNode = FALSE
	EndGlobalSection
	GlobalSection(ExtensibilityGlobals) = postSolution
		SolutionGuid = {46194242-6432-49AC-B825-FE14D5C35A8D}
	EndGlobalSection
EndGlobal
